{
  "version": 4,
  "terraform_version": "0.13.5",
  "serial": 9,
  "lineage": "6fab0ffc-85a1-7fcc-b27a-f7cccd4d472d",
  "outputs": {},
  "resources": [
    {
      "mode": "managed",
      "type": "aws_internet_gateway",
      "name": "igw",
      "provider": "provider[\"registry.terraform.io/hashicorp/aws\"]",
      "instances": [
        {
          "schema_version": 0,
          "attributes": {
            "arn": "arn:aws:ec2:ap-northeast-2:509076023497:internet-gateway/igw-0aa86906324401b80",
            "id": "igw-0aa86906324401b80",
            "owner_id": "509076023497",
            "tags": {
              "Name": "bigdata"
            },
            "tags_all": {
              "Name": "bigdata"
            },
            "vpc_id": "vpc-0c8db5f4dc046b06d"
          },
          "private": "bnVsbA==",
          "dependencies": [
            "aws_vpc.bigdata"
          ]
        }
      ]
    },
    {
      "mode": "managed",
      "type": "aws_subnet",
      "name": "bigdata_pub1",
      "provider": "provider[\"registry.terraform.io/hashicorp/aws\"]",
      "instances": [
        {
          "schema_version": 1,
          "attributes": {
            "arn": "arn:aws:ec2:ap-northeast-2:509076023497:subnet/subnet-08cd00fc061f76517",
            "assign_ipv6_address_on_creation": false,
            "availability_zone": "ap-northeast-2b",
            "availability_zone_id": "apne2-az2",
            "cidr_block": "10.1.0.0/24",
            "customer_owned_ipv4_pool": "",
            "id": "subnet-08cd00fc061f76517",
            "ipv6_cidr_block": "",
            "ipv6_cidr_block_association_id": "",
            "map_customer_owned_ip_on_launch": false,
            "map_public_ip_on_launch": false,
            "outpost_arn": "",
            "owner_id": "509076023497",
            "tags": {
              "Name": "bigdata_pub1"
            },
            "tags_all": {
              "Name": "bigdata_pub1"
            },
            "timeouts": null,
            "vpc_id": "vpc-0c8db5f4dc046b06d"
          },
          "private": "eyJlMmJmYjczMC1lY2FhLTExZTYtOGY4OC0zNDM2M2JjN2M0YzAiOnsiY3JlYXRlIjo2MDAwMDAwMDAwMDAsImRlbGV0ZSI6MTIwMDAwMDAwMDAwMH0sInNjaGVtYV92ZXJzaW9uIjoiMSJ9",
          "dependencies": [
            "aws_vpc.bigdata"
          ]
        }
      ]
    },
    {
      "mode": "managed",
      "type": "aws_vpc",
      "name": "bigdata",
      "provider": "provider[\"registry.terraform.io/hashicorp/aws\"]",
      "instances": [
        {
          "schema_version": 1,
          "attributes": {
            "arn": "arn:aws:ec2:ap-northeast-2:509076023497:vpc/vpc-0c8db5f4dc046b06d",
            "assign_generated_ipv6_cidr_block": false,
            "cidr_block": "10.1.0.0/16",
            "default_network_acl_id": "acl-05f6ac44b8f5281ae",
            "default_route_table_id": "rtb-07413c47cf4d35904",
            "default_security_group_id": "sg-08609426ef490f958",
            "dhcp_options_id": "dopt-19932f72",
            "enable_classiclink": null,
            "enable_classiclink_dns_support": null,
            "enable_dns_hostnames": true,
            "enable_dns_support": true,
            "id": "vpc-0c8db5f4dc046b06d",
            "instance_tenancy": "default",
            "ipv6_association_id": "",
            "ipv6_cidr_block": "",
            "main_route_table_id": "rtb-07413c47cf4d35904",
            "owner_id": "509076023497",
            "tags": {
              "Name": "bigdata"
            },
            "tags_all": {
              "Name": "bigdata"
            }
          },
          "private": "eyJzY2hlbWFfdmVyc2lvbiI6IjEifQ=="
        }
      ]
    }
  ]
}
